// !$*UTF8*$!
{
	archiveVersion = 1;
	classes = {
	};
	objectVersion = 48;
	objects = {

/* Begin PBXBuildFile section */
		802C79CC1FBBE0CB00A97ABF /* AppDelegate.swift in Sources */ = {isa = PBXBuildFile; fileRef = 802C79CB1FBBE0CB00A97ABF /* AppDelegate.swift */; };
		802C79CE1FBBE0CB00A97ABF /* ViewController.swift in Sources */ = {isa = PBXBuildFile; fileRef = 802C79CD1FBBE0CB00A97ABF /* ViewController.swift */; };
		802C79D11FBBE0CB00A97ABF /* Main.storyboard in Resources */ = {isa = PBXBuildFile; fileRef = 802C79CF1FBBE0CB00A97ABF /* Main.storyboard */; };
		802C79D31FBBE0CB00A97ABF /* Assets.xcassets in Resources */ = {isa = PBXBuildFile; fileRef = 802C79D21FBBE0CB00A97ABF /* Assets.xcassets */; };
		802C79D61FBBE0CB00A97ABF /* LaunchScreen.storyboard in Resources */ = {isa = PBXBuildFile; fileRef = 802C79D41FBBE0CB00A97ABF /* LaunchScreen.storyboard */; };
/* End PBXBuildFile section */

/* Begin PBXFileReference section */
		802C79C81FBBE0CB00A97ABF /* Trie_insertion_deletion_search.app */ = {isa = PBXFileReference; explicitFileType = wrapper.application; includeInIndex = 0; path = Trie_insertion_deletion_search.app; sourceTree = BUILT_PRODUCTS_DIR; };
		802C79CB1FBBE0CB00A97ABF /* AppDelegate.swift */ = {isa = PBXFileReference; lastKnownFileType = sourcecode.swift; path = AppDelegate.swift; sourceTree = "<group>"; };
		802C79CD1FBBE0CB00A97ABF /* ViewController.swift */ = {isa = PBXFileReference; lastKnownFileType = sourcecode.swift; path = ViewController.swift; sourceTree = "<group>"; };
		802C79D01FBBE0CB00A97ABF /* Base */ = {isa = PBXFileReference; lastKnownFileType = file.storyboard; name = Base; path = Base.lproj/Main.storyboard; sourceTree = "<group>"; };
		802C79D21FBBE0CB00A97ABF /* Assets.xcassets */ = {isa = PBXFileReference; lastKnownFileType = folder.assetcatalog; path = Assets.xcassets; sourceTree = "<group>"; };
		802C79D51FBBE0CB00A97ABF /* Base */ = {isa = PBXFileReference; lastKnownFileType = file.storyboard; name = Base; path = Base.lproj/LaunchScreen.storyboard; sourceTree = "<group>"; };
		802C79D71FBBE0CB00A97ABF /* Info.plist */ = {isa = PBXFileReference; lastKnownFileType = text.plist.xml; path = Info.plist; sourceTree = "<group>"; };
/* End PBXFileReference section */

/* Begin PBXFrameworksBuildPhase section */
		802C79C51FBBE0CB00A97ABF /* Frameworks */ = {
			isa = PBXFrameworksBuildPhase;
			buildActionMask = 2147483647;
			files = (
			);
			runOnlyForDeploymentPostprocessing = 0;
		};
/* End PBXFrameworksBuildPhase section */

/* Begin PBXGroup section */
		802C79BF1FBBE0CB00A97ABF = {
			isa = PBXGroup;
			children = (
				802C79CA1FBBE0CB00A97ABF /* Trie_insertion_deletion_search */,
				802C79C91FBBE0CB00A97ABF /* Products */,
			);
			sourceTree = "<group>";
		};
		802C79C91FBBE0CB00A97ABF /* Products */ = {
			isa = PBXGroup;
			children = (
				802C79C81FBBE0CB00A97ABF /* Trie_insertion_deletion_search.app */,
			);
			name = Products;
			sourceTree = "<group>";
		};
		802C79CA1FBBE0CB00A97ABF /* Trie_insertion_deletion_search */ = {
			isa = PBXGroup;
			children = (
				802C79CB1FBBE0CB00A97ABF /* AppDelegate.swift */,
				802C79CD1FBBE0CB00A97ABF /* ViewController.swift */,
				802C79CF1FBBE0CB00A97ABF /* Main.storyboard */,
				802C79D21FBBE0CB00A97ABF /* Assets.xcassets */,
				802C79D41FBBE0CB00A97ABF /* LaunchScreen.storyboard */,
				802C79D71FBBE0CB00A97ABF /* Info.plist */,
			);
			path = Trie_insertion_deletion_search;
			sourceTree = "<group>";
		};
/* End PBXGroup section */

/* Begin PBXNativeTarget section */
		802C79C71FBBE0CB00A97ABF /* Trie_insertion_deletion_search */ = {
			isa = PBXNativeTarget;
			buildConfigurationList = 802C79DA1FBBE0CB00A97ABF /* Build configuration list for PBXNativeTarget "Trie_insertion_deletion_search" */;
			buildPhases = (
				802C79C41FBBE0CB00A97ABF /* Sources */,
				802C79C51FBBE0CB00A97ABF /* Frameworks */,
				802C79C61FBBE0CB00A97ABF /* Resources */,
			);
			buildRules = (
			);
			dependencies = (
			);
			name = Trie_insertion_deletion_search;
			productName = Trie_insertion_deletion_search;
			productReference = 802C79C81FBBE0CB00A97ABF /* Trie_insertion_deletion_search.app */;
			productType = "com.apple.product-type.application";
		};
/* End PBXNativeTarget section */

/* Begin PBXProject section */
		802C79C01FBBE0CB00A97ABF /* Project object */ = {
			isa = PBXProject;
			attributes = {
				LastSwiftUpdateCheck = 0910;
				LastUpgradeCheck = 0910;
				ORGANIZATIONNAME = "Ashis Laha";
				TargetAttributes = {
					802C79C71FBBE0CB00A97ABF = {
						CreatedOnToolsVersion = 9.1;
						ProvisioningStyle = Automatic;
					};
				};
			};
			buildConfigurationList = 802C79C31FBBE0CB00A97ABF /* Build configuration list for PBXProject "Trie_insertion_deletion_search" */;
			compatibilityVersion = "Xcode 8.0";
			developmentRegion = en;
			hasScannedForEncodings = 0;
			knownRegions = (
				en,
				Base,
			);
			mainGroup = 802C79BF1FBBE0CB00A97ABF;
			productRefGroup = 802C79C91FBBE0CB00A97ABF /* Products */;
			projectDirPath = "";
			projectRoot = "";
			targets = (
				802C79C71FBBE0CB00A97ABF /* Trie_insertion_deletion_search */,
			);
		};
/* End PBXProject section */

/* Begin PBXResourcesBuildPhase section */
		802C79C61FBBE0CB00A97ABF /* Resources */ = {
			isa = PBXResourcesBuildPhase;
			buildActionMask = 2147483647;
			files = (
				802C79D61FBBE0CB00A97ABF /* LaunchScreen.storyboard in Resources */,
				802C79D31FBBE0CB00A97ABF /* Assets.xcassets in Resources */,
				802C79D11FBBE0CB00A97ABF /* Main.storyboard in Resources */,
			);
			runOnlyForDeploymentPostprocessing = 0;
		};
/* End PBXResourcesBuildPhase section */

/* Begin PBXSourcesBuildPhase section */
		802C79C41FBBE0CB00A97ABF /* Sources */ = {
			isa = PBXSourcesBuildPhase;
			buildActionMask = 2147483647;
			files = (
				802C79CE1FBBE0CB00A97ABF /* ViewController.swift in Sources */,
				802C79CC1FBBE0CB00A97ABF /* AppDelegate.swift in Sources */,
			);
			runOnlyForDeploymentPostprocessing = 0;
		};
/* End PBXSourcesBuildPhase section */

/* Begin PBXVariantGroup section */
		802C79CF1FBBE0CB00A97ABF /* Main.storyboard */ = {
			isa = PBXVariantGroup;
			children = (
				802C79D01FBBE0CB00A97ABF /* Base */,
			);
			name = Main.storyboard;
			sourceTree = "<group>";
		};
		802C79D41FBBE0CB00A97ABF /* LaunchScreen.storyboard */ = {
			isa = PBXVariantGroup;
			children = (
				802C79D51FBBE0CB00A97ABF /* Base */,
			);
			name = LaunchScreen.storyboard;
			sourceTree = "<group>";
		};
/* End PBXVariantGroup section */

/* Begin XCBuildConfiguration section */
		802C79D81FBBE0CB00A97ABF /* Debug */ = {
			isa = XCBuildConfiguration;
			buildSettings = {
				ALWAYS_SEARCH_USER_PATHS = NO;
				CLANG_ANALYZER_NONNULL = YES;
				CLANG_ANALYZER_NUMBER_OBJECT_CONVERSION = YES_AGGRESSIVE;
				CLANG_CXX_LANGUAGE_STANDARD = "gnu++14";
				CLANG_CXX_LIBRARY = "libc++";
				CLANG_ENABLE_MODULES = YES;
				CLANG_ENABLE_OBJC_ARC = YES;
				CLANG_WARN_BLOCK_CAPTURE_AUTORELEASING = YES;
				CLANG_WARN_BOOL_CONVERSION = YES;
				CLANG_WARN_COMMA = YES;
				CLANG_WARN_CONSTANT_CONVERSION = YES;
				CLANG_WARN_DIRECT_OBJC_ISA_USAGE = YES_ERROR;
				CLANG_WARN_DOCUMENTATION_COMMENTS = YES;
				CLANG_WARN_EMPTY_BODY = YES;
				CLANG_WARN_ENUM_CONVERSION = YES;
				CLANG_WARN_INFINITE_RECURSION = YES;
				CLANG_WARN_INT_CONVERSION = YES;
				CLANG_WARN_NON_LITERAL_NULL_CONVERSION = YES;
				CLANG_WARN_OBJC_LITERAL_CONVERSION = YES;
				CLANG_WARN_OBJC_ROOT_CLASS = YES_ERROR;
				CLANG_WARN_RANGE_LOOP_ANALYSIS = YES;
				CLANG_WARN_STRICT_PROTOTYPES = YES;
				CLANG_WARN_SUSPICIOUS_MOVE = YES;
				CLANG_WARN_UNGUARDED_AVAILABILITY = YES_AGGRESSIVE;
				CLANG_WARN_UNREACHABLE_CODE = YES;
				CLANG_WARN__DUPLICATE_METHOD_MATCH = YES;
				CODE_SIGN_IDENTITY = "iPhone Developer";
				COPY_PHASE_STRIP = NO;
				DEBUG_INFORMATION_FORMAT = dwarf;
				ENABLE_STRICT_OBJC_MSGSEND = YES;
				ENABLE_TESTABILITY = YES;
				GCC_C_LANGUAGE_STANDARD = gnu11;
				GCC_DYNAMIC_NO_PIC = NO;
				GCC_NO_COMMON_BLOCKS = YES;
				GCC_OPTIMIZATION_LEVEL = 0;
				GCC_PREPROCESSOR_DEFINITIONS = (
					"DEBUG=1",
					"$(inherited)",
				);
				GCC_WARN_64_TO_32_BIT_CONVERSION = YES;
				GCC_WARN_ABOUT_RETURN_TYPE = YES_ERROR;
				GCC_WARN_UNDECLARED_SELECTOR = YES;
				GCC_WARN_UNINITIALIZED_AUTOS = YES_AGGRESSIVE;
				GCC_WARN_UNUSED_FUNCTION = YES;
				GCC_WARN_UNUSED_VARIABLE = YES;
				IPHONEOS_DEPLOYMENT_TARGET = 11.1;
				MTL_ENABLE_DEBUG_INFO = YES;
				ONLY_ACTIVE_ARCH = YES;
				SDKROOT = iphoneos;
				SWIFT_ACTIVE_COMPILATION_CONDITIONS = DEBUG;
				SWIFT_OPTIMIZATION_LEVEL = "-Onone";
			};
			name = Debug;
		};
		802C79D91FBBE0CB00A97ABF /* Release */ = {
			isa = XCBuildConfiguration;
			buildSettings = {
				ALWAYS_SEARCH_USER_PATHS = NO;
				CLANG_ANALYZER_NONNULL = YES;
				CLANG_ANALYZER_NUMBER_OBJECT_CONVERSION = YES_AGGRESSIVE;
				CLANG_CXX_LANGUAGE_STANDARD = "gnu++14";
				CLANG_CXX_LIBRARY = "libc++";
				CLANG_ENABLE_MODULES = YES;
				CLANG_ENABLE_OBJC_ARC = YES;
				CLANG_WARN_BLOCK_CAPTURE_AUTORELEASING = YES;
				CLANG_WARN_BOOL_CONVERSION = YES;
				CLANG_WARN_COMMA = YES;
				CLANG_WARN_CONSTANT_CONVERSION = YES;
				CLANG_WARN_DIRECT_OBJC_ISA_USAGE = YES_ERROR;
				CLANG_WARN_DOCUMENTATION_COMMENTS = YES;
				CLANG_WARN_EMPTY_BODY = YES;
				CLANG_WARN_ENUM_CONVERSION = YES;
				CLANG_WARN_INFINITE_RECURSION = YES;
				CLANG_WARN_INT_CONVERSION = YES;
				CLANG_WARN_NON_LITERAL_NULL_CONVERSION = YES;
				CLANG_WARN_OBJC_LITERAL_CONVERSION = YES;
				CLANG_WARN_OBJC_ROOT_CLASS = YES_ERROR;
				CLANG_WARN_RANGE_LOOP_ANALYSIS = YES;
				CLANG_WARN_STRICT_PROTOTYPES = YES;
				CLANG_WARN_SUSPICIOUS_MOVE = YES;
				CLANG_WARN_UNGUARDED_AVAILABILITY = YES_AGGRESSIVE;
				CLANG_WARN_UNREACHABLE_CODE = YES;
				CLANG_WARN__DUPLICATE_METHOD_MATCH = YES;
				CODE_SIGN_IDENTITY = "iPhone Developer";
				COPY_PHASE_STRIP = NO;
				DEBUG_INFORMATION_FORMAT = "dwarf-with-dsym";
				ENABLE_NS_ASSERTIONS = NO;
				ENABLE_STRICT_OBJC_MSGSEND = YES;
				GCC_C_LANGUAGE_STANDARD = gnu11;
				GCC_NO_COMMON_BLOCKS = YES;
				GCC_WARN_64_TO_32_BIT_CONVERSION = YES;
				GCC_WARN_ABOUT_RETURN_TYPE = YES_ERROR;
				GCC_WARN_UNDECLARED_SELECTOR = YES;
				GCC_WARN_UNINITIALIZED_AUTOS = YES_AGGRESSIVE;
				GCC_WARN_UNUSED_FUNCTION = YES;
				GCC_WARN_UNUSED_VARIABLE = YES;
				IPHONEOS_DEPLOYMENT_TARGET = 11.1;
				MTL_ENABLE_DEBUG_INFO = NO;
				SDKROOT = iphoneos;
				SWIFT_OPTIMIZATION_LEVEL = "-Owholemodule";
				VALIDATE_PRODUCT = YES;
			};
			name = Release;
		};
		802C79DB1FBBE0CB00A97ABF /* Debug */ = {
			isa = XCBuildConfiguration;
			buildSettings = {
				ASSETCATALOG_COMPILER_APPICON_NAME = AppIcon;
				CODE_SIGN_STYLE = Automatic;
				DEVELOPMENT_TEAM = 87F557PJ6U;
				INFOPLIST_FILE = Trie_insertion_deletion_search/Info.plist;
				LD_RUNPATH_SEARCH_PATHS = "$(inherited) @executable_path/Frameworks";
				PRODUCT_BUNDLE_IDENTIFIER = "ALaha.Trie-insertion-deletion-search";
				PRODUCT_NAME = "$(TARGET_NAME)";
				SWIFT_VERSION = 4.0;
				TARGETED_DEVICE_FAMILY = "1,2";
			};
			name = Debug;
		};
		802C79DC1FBBE0CB00A97ABF /* Release */ = {
			isa = XCBuildConfiguration;
			buildSettings = {
				ASSETCATALOG_COMPILER_APPICON_NAME = AppIcon;
				CODE_SIGN_STYLE = Automatic;
				DEVELOPMENT_TEAM = 87F557PJ6U;
				INFOPLIST_FILE = Trie_insertion_deletion_search/Info.plist;
				LD_RUNPATH_SEARCH_PATHS = "$(inherited) @executable_path/Frameworks";
				PRODUCT_BUNDLE_IDENTIFIER = "ALaha.Trie-insertion-deletion-search";
				PRODUCT_NAME = "$(TARGET_NAME)";
				SWIFT_VERSION = 4.0;
				TARGETED_DEVICE_FAMILY = "1,2";
			};
			name = Release;
		};
/* End XCBuildConfiguration section */

/* Begin XCConfigurationList section */
		802C79C31FBBE0CB00A97ABF /* Build configuration list for PBXProject "Trie_insertion_deletion_search" */ = {
			isa = XCConfigurationList;
			buildConfigurations = (
				802C79D81FBBE0CB00A97ABF /* Debug */,
				802C79D91FBBE0CB00A97ABF /* Release */,
			);
			defaultConfigurationIsVisible = 0;
			defaultConfigurationName = Release;
		};
		802C79DA1FBBE0CB00A97ABF /* Build configuration list for PBXNativeTarget "Trie_insertion_deletion_search" */ = {
			isa = XCConfigurationList;
			buildConfigurations = (
				802C79DB1FBBE0CB00A97ABF /* Debug */,
				802C79DC1FBBE0CB00A97ABF /* Release */,
			);
			defaultConfigurationIsVisible = 0;
			defaultConfigurationName = Release;
		};
/* End XCConfigurationList section */
	};
	rootObject = 802C79C01FBBE0CB00A97ABF /* Project object */;
}
